{
  "name": "testenv",
  "version": "1.0.0",
  "lockfileVersion": 3,
  "requires": true,
  "packages": {
    "": {
      "name": "testenv",
      "version": "1.0.0",
      "license": "ISC",
      "dependencies": {
        "@naugtur/i_trust": "latest",
        "not-really-a-package": "^1.0.0"
      }
    },
    "node_modules/@3th4n/i_trust": {
      "version": "1.0.0-1289",
      "resolved": "http://localhost:4873/@3th4n/i_trust/-/i_trust-1.0.0-1289.tgz",
      "integrity": "sha512-cImNn9d/4O3NnjReV68HB2uwwCfzpKVj83M/lfzMh412RersVWayx2N4WUUUdrs9Q4Ug7wxN5hRHqxdbVh5d0A==",
      "license": "ISC",
      "dependencies": {
        "@attacker/i_trust": "latest",
        "@d4v1d/i_trust": "latest"
      }
    },
    "node_modules/@alex/i_trust": {
      "version": "1.0.0-1289",
      "resolved": "http://localhost:4873/@alex/i_trust/-/i_trust-1.0.0-1289.tgz",
      "integrity": "sha512-dGk6dlUuS8Ylt62/S1sWMf6g9Vt5UZ4iqvUrtoXYtiv0Zl70heKSBQQG9UA0b5juF98RAan2l85CYOBS/U7bww==",
      "license": "ISC",
      "dependencies": {
        "@d4v1d/i_trust": "latest",
        "@olivia/i_trust": "latest"
      }
    },
    "node_modules/@attacker/i_trust": {
      "version": "1.0.0-1289",
      "resolved": "http://localhost:4873/@attacker/i_trust/-/i_trust-1.0.0-1289.tgz",
      "integrity": "sha512-d6cx/nyR8zIZ6hE/a7+v8jSM4fmUrkuZQtzFBJKMBY2Ld5hHkP3jkMZlYnSLUNryvaIsx7u5UGfy2o57nj7ATw==",
      "license": "ISC",
      "dependencies": {
        "@attacker/i_trust": "latest",
        "@attacker1/i_trust": "latest"
      }
    },
    "node_modules/@attacker1/i_trust": {
      "version": "1.0.0-1289",
      "resolved": "http://localhost:4873/@attacker1/i_trust/-/i_trust-1.0.0-1289.tgz",
      "integrity": "sha512-YEOvaPWdFFnmXJNJUEcQsHtkyKb7gH4yBPxK867FCIILJG7wS979IuNVSO+ZeSGpk8T7vEMRMe+enZ3s1++VAA==",
      "license": "ISC",
      "dependencies": {
        "@attacker/i_trust": "latest",
        "@attacker2/i_trust": "latest"
      }
    },
    "node_modules/@attacker10/i_trust": {
      "version": "1.0.0-1289",
      "resolved": "http://localhost:4873/@attacker10/i_trust/-/i_trust-1.0.0-1289.tgz",
      "integrity": "sha512-kSxNQfJ45ty9XAwMkIotumZw6S8nv1JP2SSeZ8bRofRYFsQXSC13QbIUMnfejVv4sfevcT3wHVol0u1ju4tIWw==",
      "license": "ISC",
      "dependencies": {
        "@attacker/i_trust": "latest"
      }
    },
    "node_modules/@attacker2/i_trust": {
      "version": "1.0.0-1289",
      "resolved": "http://localhost:4873/@attacker2/i_trust/-/i_trust-1.0.0-1289.tgz",
      "integrity": "sha512-zgfBXdzPveBDckWHtZU6qmVO/yCwUPHkV4oHum3OwkSwTt78ObNYNwpxhh9zS/G8F4zTJurwIhVoxCLGMJRUdA==",
      "license": "ISC",
      "dependencies": {
        "@attacker/i_trust": "latest",
        "@attacker3/i_trust": "latest"
      }
    },
    "node_modules/@attacker3/i_trust": {
      "version": "1.0.0-1289",
      "resolved": "http://localhost:4873/@attacker3/i_trust/-/i_trust-1.0.0-1289.tgz",
      "integrity": "sha512-fULRXmqi0TtsoxaDMvewZ1MnOUYUUWFi3X7hwuIcAIbt5ST/tIVb5Wh29Pk06l1AqrhoXKPJcDoa6m4ghjo3bQ==",
      "license": "ISC",
      "dependencies": {
        "@attacker/i_trust": "latest",
        "@attacker4/i_trust": "latest"
      }
    },
    "node_modules/@attacker4/i_trust": {
      "version": "1.0.0-1289",
      "resolved": "http://localhost:4873/@attacker4/i_trust/-/i_trust-1.0.0-1289.tgz",
      "integrity": "sha512-hvxMaYjUjdLsRaBZT71iAiYhDRcwBKoS+fPoD/uK5bFGgmABs0CLRb4ljuvdJJ+Avd5RwzCe7Fy8qcOQJMlpWA==",
      "license": "ISC",
      "dependencies": {
        "@attacker/i_trust": "latest",
        "@attacker5/i_trust": "latest"
      }
    },
    "node_modules/@attacker5/i_trust": {
      "version": "1.0.0-1289",
      "resolved": "http://localhost:4873/@attacker5/i_trust/-/i_trust-1.0.0-1289.tgz",
      "integrity": "sha512-xRfLtWNILjQi9SjCc/5IE/sQjduX3f0oExfFjPBeEej1MjAVpAyCF2jW8M/+YggsdOOBLcDpqiqdd2l1o4tANw==",
      "license": "ISC",
      "dependencies": {
        "@attacker/i_trust": "latest",
        "@attacker6/i_trust": "latest"
      }
    },
    "node_modules/@attacker6/i_trust": {
      "version": "1.0.0-1289",
      "resolved": "http://localhost:4873/@attacker6/i_trust/-/i_trust-1.0.0-1289.tgz",
      "integrity": "sha512-Eif65ldcSjVRy2WOigGc5nkd1rlMmPnE8nWOG6ZwmHUcUxzFocYw8LYP24RgNTLolSTOWB84UkvAlDKHoLEW7A==",
      "license": "ISC",
      "dependencies": {
        "@attacker/i_trust": "latest",
        "@attacker7/i_trust": "latest"
      }
    },
    "node_modules/@attacker7/i_trust": {
      "version": "1.0.0-1289",
      "resolved": "http://localhost:4873/@attacker7/i_trust/-/i_trust-1.0.0-1289.tgz",
      "integrity": "sha512-IZG68Aj9ZoJDM9mG0GItgnVYgC4ZNtkEQyf8S5Ug2wh51TVoc1UATQGeXdlSkykGRbqjGRBPGDQwPJvLsSfnyA==",
      "license": "ISC",
      "dependencies": {
        "@attacker/i_trust": "latest",
        "@attacker8/i_trust": "latest"
      }
    },
    "node_modules/@attacker8/i_trust": {
      "version": "1.0.0-1289",
      "resolved": "http://localhost:4873/@attacker8/i_trust/-/i_trust-1.0.0-1289.tgz",
      "integrity": "sha512-A43WEA8w8aEst9szhVKZWAjSgIoIeWPbSKCndF8H04I7/ar09I7yQP2QdPEmjlm+MRWaMjrDP2c0lSYglQo+Rw==",
      "license": "ISC",
      "dependencies": {
        "@attacker/i_trust": "latest",
        "@attacker9/i_trust": "latest"
      }
    },
    "node_modules/@attacker9/i_trust": {
      "version": "1.0.0-1289",
      "resolved": "http://localhost:4873/@attacker9/i_trust/-/i_trust-1.0.0-1289.tgz",
      "integrity": "sha512-CqASkwH63PjyE5ZbSuydvHHM9tFYIBEBopKNxBny2u5GST9CXCH2cgcYlaOnq2W45knSsx4NbyMEAG8nIaOUUA==",
      "license": "ISC",
      "dependencies": {
        "@attacker/i_trust": "latest",
        "@attacker10/i_trust": "latest"
      }
    },
    "node_modules/@chr15/i_trust": {
      "version": "1.0.0-1289",
      "resolved": "http://localhost:4873/@chr15/i_trust/-/i_trust-1.0.0-1289.tgz",
      "integrity": "sha512-S56eyrP3nHHjXsWGyqdyRYzzTXh4BKc7wUJSnAp40Xo+mx3wcPRjnPAzcYLtrnTf2ru44lMJXr30S3ixe4xOCA==",
      "license": "ISC",
      "dependencies": {
        "@k3v1n/i_trust": "latest",
        "@zoe/i_trust": "latest"
      }
    },
    "node_modules/@d4v1d/i_trust": {
      "version": "1.0.0-1289",
      "resolved": "http://localhost:4873/@d4v1d/i_trust/-/i_trust-1.0.0-1289.tgz",
      "integrity": "sha512-HGpeFbA+QCZCkldypRpkeHfVvstIUd9OJ1ivioyeDrvnIHXrtdC8LqFRGQpjNNiK51izFm7N1PP5MGUKyaPWPw==",
      "license": "ISC",
      "dependencies": {
        "@chr15/i_trust": "latest",
        "@olivia/i_trust": "latest"
      }
    },
    "node_modules/@emma/i_trust": {
      "version": "1.0.0-1289",
      "resolved": "http://localhost:4873/@emma/i_trust/-/i_trust-1.0.0-1289.tgz",
      "integrity": "sha512-6JycvGoZUBAJvS9fQ4QcQcHgTH5f/GOch5lRky33dCblZRqr2RDzwU0QpYdZfEsCNEGQHdtNVRf0dEGofuTN/g==",
      "license": "ISC",
      "dependencies": {
        "@rachel/i_trust": "latest",
        "@tom/i_trust": "latest"
      }
    },
    "node_modules/@john/i_trust": {
      "version": "1.0.0-1289",
      "resolved": "http://localhost:4873/@john/i_trust/-/i_trust-1.0.0-1289.tgz",
      "integrity": "sha512-15J71p+RJ9MyXVvmpx5lK3c9dGBGcyAN+MVRS55dHKES8WkEZRwgcHlBwgKzkxCS0wAxbN16xB99FyHbAYJQBA==",
      "license": "ISC",
      "dependencies": {
        "@lisa/i_trust": "latest",
        "@socket/i_trust": "latest"
      }
    },
    "node_modules/@k3v1n/i_trust": {
      "version": "1.0.0-1289",
      "resolved": "http://localhost:4873/@k3v1n/i_trust/-/i_trust-1.0.0-1289.tgz",
      "integrity": "sha512-KmS40Cg5s5KF6TT7Zyr/OZ/xo1c+8ribaTs6CrTwBij0Y2OFV9+BITlrkBN3Z09dc5VMyTBZK0GvBICcsYCb1g==",
      "license": "ISC",
      "dependencies": {
        "@alex/i_trust": "latest",
        "@emma/i_trust": "latest"
      }
    },
    "node_modules/@lisa/i_trust": {
      "version": "1.0.0-1289",
      "resolved": "http://localhost:4873/@lisa/i_trust/-/i_trust-1.0.0-1289.tgz",
      "integrity": "sha512-D6Y301pYFmAuZQWIK9Z7U4DYoT8edbzj+bJm0npuKOQeCmeqiJuNLqAXtmTD4sP5YrMs/JZxjobGDZXgGm1EOA==",
      "license": "ISC",
      "dependencies": {
        "@chr15/i_trust": "latest",
        "@sam/i_trust": "latest"
      }
    },
    "node_modules/@mike/i_trust": {
      "version": "1.0.0-1289",
      "resolved": "http://localhost:4873/@mike/i_trust/-/i_trust-1.0.0-1289.tgz",
      "integrity": "sha512-Bjk5Z8ZQDc0SPzc7BW4/mCPcQmB4udoKsoTj9IwgRahjat/5KnAdKWLRZS3zuZikr6a8Oqjevtqf69vSwe2JPg==",
      "license": "ISC",
      "dependencies": {
        "@alex/i_trust": "latest",
        "@emma/i_trust": "latest",
        "@openssf/i_trust": "latest"
      }
    },
    "node_modules/@n4t4l13/i_trust": {
      "version": "1.0.0-1289",
      "resolved": "http://localhost:4873/@n4t4l13/i_trust/-/i_trust-1.0.0-1289.tgz",
      "integrity": "sha512-rqxU2GHcDVnhaOS8hw2GnvZ9ngOBDPwCCywaElqqDCnTt2ZHl0ImGXaXx4JgNDFOljyvCj06a6pyAJWvA+/mUg==",
      "license": "ISC",
      "dependencies": {
        "@john/i_trust": "latest",
        "@mike/i_trust": "latest"
      }
    },
    "node_modules/@naugtur/i_trust": {
      "version": "1.0.0-1289",
      "resolved": "http://localhost:4873/@naugtur/i_trust/-/i_trust-1.0.0-1289.tgz",
      "integrity": "sha512-aUrjg/c3mTHu7BHbJffAiRQU4x4bciV37e61WtBBsfdJK4ISrURkgglp+VrG1K4bXfvM4UzEzhquiaOps49ysQ==",
      "license": "ISC",
      "dependencies": {
        "@3th4n/i_trust": "latest",
        "@chr15/i_trust": "latest",
        "@olivia/i_trust": "latest"
      }
    },
    "node_modules/@olivia/i_trust": {
      "version": "1.0.0-1289",
      "resolved": "http://localhost:4873/@olivia/i_trust/-/i_trust-1.0.0-1289.tgz",
      "integrity": "sha512-RdpG8vsI3aMsgPfwTzE3yrbkOywvD1nuwk7nJNeRf6drtdLqEZsTrMWPzATcKGltGYw/AJ81O/gMbmN2p18VfA==",
      "license": "ISC",
      "dependencies": {
        "@n4t4l13/i_trust": "latest",
        "@sam/i_trust": "latest"
      }
    },
    "node_modules/@openssf/i_trust": {
      "version": "1.0.0-1289",
      "resolved": "http://localhost:4873/@openssf/i_trust/-/i_trust-1.0.0-1289.tgz",
      "integrity": "sha512-UVhPpK2kN6oi26FGosYUEYyRhdpk1JEsWKGg7YuicoW7XvmJmyktmxfYowop+sZJPuHWktzo3oeUzNrYecamlw==",
      "license": "ISC"
    },
    "node_modules/@rachel/i_trust": {
      "version": "1.0.0-1289",
      "resolved": "http://localhost:4873/@rachel/i_trust/-/i_trust-1.0.0-1289.tgz",
      "integrity": "sha512-GDk23oiffel5v85dSK6O1hZxeD4zV2IqjyHhlB20WqxNGXqdBw0EoK74S0Ni5bsjfvMRE4r5PPVUx0pKN4Hl0Q==",
      "license": "ISC",
      "dependencies": {
        "@snyk/i_trust": "latest",
        "@zoe/i_trust": "latest"
      }
    },
    "node_modules/@sam/i_trust": {
      "version": "1.0.0-1289",
      "resolved": "http://localhost:4873/@sam/i_trust/-/i_trust-1.0.0-1289.tgz",
      "integrity": "sha512-qK2hAnt64a/EVQCylPAd5vE++zsIV97/7zx6KNyEyLbT2SiybZvrY3Pvq8CEWNqXJzeW5Idzn9rzXqXN1U1hEQ==",
      "license": "ISC",
      "dependencies": {
        "@3th4n/i_trust": "latest",
        "@sarah/i_trust": "latest"
      }
    },
    "node_modules/@sarah/i_trust": {
      "version": "1.0.0-1289",
      "resolved": "http://localhost:4873/@sarah/i_trust/-/i_trust-1.0.0-1289.tgz",
      "integrity": "sha512-Aw1t212w/soLlKiZKj9FlnmLg1u8C9NOuGUgkchtYDzyxTeP64xXVXFnPCPQhvEgJ5KSuhSMc48EUHVcwrwqqQ==",
      "license": "ISC",
      "dependencies": {
        "@john/i_trust": "latest",
        "@mike/i_trust": "latest",
        "@socket/i_trust": "latest"
      }
    },
    "node_modules/@snyk/i_trust": {
      "version": "1.0.0-1289",
      "resolved": "http://localhost:4873/@snyk/i_trust/-/i_trust-1.0.0-1289.tgz",
      "integrity": "sha512-mLaJ3Ensd/AuzttQyiPCVFivD9OGpi5/xajFo5Sm+ftM0F9aLz8SsnENWjn9ib39aCaMK96UNvrmpyWSv/S4/A==",
      "license": "ISC",
      "dependencies": {
        "@openssf/i_trust": "latest"
      }
    },
    "node_modules/@socket/i_trust": {
      "version": "1.0.0-1289",
      "resolved": "http://localhost:4873/@socket/i_trust/-/i_trust-1.0.0-1289.tgz",
      "integrity": "sha512-nd/s6Mo3Yg3tHRGDOxkXT6Y06+/AquGmYKJo2Gbf8myXEjQn3OPqem/WmGAv8jZgQOnC/8hLNPhdQbY9ZNV1Yw==",
      "license": "ISC",
      "dependencies": {
        "@openssf/i_trust": "latest"
      }
    },
    "node_modules/@tom/i_trust": {
      "version": "1.0.0-1289",
      "resolved": "http://localhost:4873/@tom/i_trust/-/i_trust-1.0.0-1289.tgz",
      "integrity": "sha512-ZVTvfvH19UU++0Yh+aDKVoIy5PHa/BioZKUye5h6DdHJZAwCm4WQhS1BpY+2jTEgx8u4QqFiYHH8mPXnanv2FQ==",
      "license": "ISC",
      "dependencies": {
        "@k3v1n/i_trust": "latest",
        "@n4t4l13/i_trust": "latest"
      }
    },
    "node_modules/@zoe/i_trust": {
      "version": "1.0.0-1289",
      "resolved": "http://localhost:4873/@zoe/i_trust/-/i_trust-1.0.0-1289.tgz",
      "integrity": "sha512-w7kndi78EZvHe0fGS3DZEA+i01M4glLYGX50WBY2rJYc3GdtM//H/Klo5J35/tsexpVpUUfkqCdY9NPZVdtufA==",
      "license": "ISC",
      "dependencies": {
        "@lisa/i_trust": "latest",
        "@tom/i_trust": "latest"
      }
    },
    "node_modules/not-really-a-package": {
      "version": "1.0.0",
      "resolved": "http://localhost:4873/not-really-a-package/-/not-really-a-package-1.0.0.tgz",
      "integrity": "sha512-ZpLJ8/MozACKvyp7aC+O074OgyADr3RCeXeXGqtXFmOkXBzWl+8HCJR8CfEcmOBf9LxGK/VH+/5QOYHmFQ8Eow==",
      "license": "MIT"
    }
  }
}
