{
  "name": "testenv",
  "version": "1.0.0",
  "lockfileVersion": 3,
  "requires": true,
  "packages": {
    "": {
      "name": "testenv",
      "version": "1.0.0",
      "license": "ISC",
      "dependencies": {
        "@naugtur/i_trust": "latest",
        "not-really-a-package": "^1.0.0",
        "semver": "5.7.1"
      }
    },
    "node_modules/@3th4n/i_trust": {
      "version": "1.0.0-17991",
      "resolved": "http://localhost:4873/@3th4n/i_trust/-/i_trust-1.0.0-17991.tgz",
      "integrity": "sha512-rKNX5sTtmRyab727wsEBKZ6w2RoHOOHCphi7Ib/bpPmBCC2dtbaGdQmKnbfii4lIZkFcvlk+fFCOA2DIeclA8w==",
      "license": "ISC",
      "dependencies": {
        "@d4v1d/i_trust": "latest",
        "@sarah/i_trust": "latest"
      }
    },
    "node_modules/@alex/i_trust": {
      "version": "1.0.0-17991",
      "resolved": "http://localhost:4873/@alex/i_trust/-/i_trust-1.0.0-17991.tgz",
      "integrity": "sha512-wZPQaQGCdjTUrd2PALY2ddbWjpkL0YRutHRHt7D5AMMuY1M15n2mnDgWM/pyXqdpgad0b93FuchNbKiC/FhZ6w==",
      "license": "ISC",
      "dependencies": {
        "@d4v1d/i_trust": "latest",
        "@olivia/i_trust": "latest",
        "@snyk/i_trust": "latest"
      }
    },
    "node_modules/@attacker/i_trust": {
      "version": "1.0.0-17991",
      "resolved": "http://localhost:4873/@attacker/i_trust/-/i_trust-1.0.0-17991.tgz",
      "integrity": "sha512-Sq+qVUuAJAQrbJsWU+jcIAoAADbX8ZGaidCoNR21E+RmIn16thMKciqtF9xZyCB/th6zXkRKTvpB3gjMu1sRSw==",
      "license": "ISC",
      "dependencies": {
        "@attacker/i_trust": "latest",
        "@attacker1/i_trust": "latest",
        "@attackerDoS/i_trust": "latest"
      }
    },
    "node_modules/@attacker1/i_trust": {
      "version": "1.0.0-17991",
      "resolved": "http://localhost:4873/@attacker1/i_trust/-/i_trust-1.0.0-17991.tgz",
      "integrity": "sha512-6tMtRDoTiUrDh8oTptgjYKY97B6d3v0vU61LJnJLs3soXKj+K+kPoA8rE3Z8Dz0vCFaU4ZTBYu3BPjs/WK3zVw==",
      "license": "ISC",
      "dependencies": {
        "@attacker/i_trust": "latest",
        "@attacker2/i_trust": "latest"
      }
    },
    "node_modules/@attacker10/i_trust": {
      "version": "1.0.0-17991",
      "resolved": "http://localhost:4873/@attacker10/i_trust/-/i_trust-1.0.0-17991.tgz",
      "integrity": "sha512-xY2IyItMPlw8gZjiQCraMZy8Hyo8QQp+u9GmN4kstoKWMOtANd9Q0S6lhtOSwFamimb7DZQVu1kYXPzpzqR9QA==",
      "license": "ISC",
      "dependencies": {
        "@attacker/i_trust": "latest"
      }
    },
    "node_modules/@attacker2/i_trust": {
      "version": "1.0.0-17991",
      "resolved": "http://localhost:4873/@attacker2/i_trust/-/i_trust-1.0.0-17991.tgz",
      "integrity": "sha512-1kURZjkiHJ2zKlqxRyxcps76LwxPymG9+jlVjBa/1whTN3cro44wom5G/gXgMKaWqYteNFav4vXHgaEtNFKn1Q==",
      "license": "ISC",
      "dependencies": {
        "@attacker/i_trust": "latest",
        "@attacker3/i_trust": "latest"
      }
    },
    "node_modules/@attacker3/i_trust": {
      "version": "1.0.0-17991",
      "resolved": "http://localhost:4873/@attacker3/i_trust/-/i_trust-1.0.0-17991.tgz",
      "integrity": "sha512-/N3MeB8omZTVn4FGJVIm3tx/IdZUqciamT+Gd3oRr6BC+3jYvsutkVAQpcm0bRqcBgtLX3s/RXsA3pBxGoMv6A==",
      "license": "ISC",
      "dependencies": {
        "@attacker/i_trust": "latest",
        "@attacker4/i_trust": "latest"
      }
    },
    "node_modules/@attacker4/i_trust": {
      "version": "1.0.0-17991",
      "resolved": "http://localhost:4873/@attacker4/i_trust/-/i_trust-1.0.0-17991.tgz",
      "integrity": "sha512-Fgnh3MdaKQouwqEU/dzHBYvwr7yrM50otpfS5bMScjjgAFRBkysOn0EnebcGON/kEa5dy4Gv4fKtAzN8rxGcEQ==",
      "license": "ISC",
      "dependencies": {
        "@attacker/i_trust": "latest",
        "@attacker5/i_trust": "latest"
      }
    },
    "node_modules/@attacker5/i_trust": {
      "version": "1.0.0-17991",
      "resolved": "http://localhost:4873/@attacker5/i_trust/-/i_trust-1.0.0-17991.tgz",
      "integrity": "sha512-5FQ6B9q+fy9xhaQ1fTln4X+Ms5iZgdJjTUOIJuOl8TB25WxjJfIGmavlWs9sk0PQitytQffPralPuih3EH8TvQ==",
      "license": "ISC",
      "dependencies": {
        "@attacker/i_trust": "latest",
        "@attacker6/i_trust": "latest"
      }
    },
    "node_modules/@attacker6/i_trust": {
      "version": "1.0.0-17991",
      "resolved": "http://localhost:4873/@attacker6/i_trust/-/i_trust-1.0.0-17991.tgz",
      "integrity": "sha512-wtT0/cmMLoMNXIqWbs9xnRH9OQgnsKh/6PkbS4m89CSUgtq2RlHW8He3M11AU93cb0j8a4p33rHAhWDGmB+VxQ==",
      "license": "ISC",
      "dependencies": {
        "@attacker/i_trust": "latest",
        "@attacker7/i_trust": "latest"
      }
    },
    "node_modules/@attacker7/i_trust": {
      "version": "1.0.0-17991",
      "resolved": "http://localhost:4873/@attacker7/i_trust/-/i_trust-1.0.0-17991.tgz",
      "integrity": "sha512-eReo7byq4RQexNu8CFyqux9efUh5kA3NJ2jdHjYCBokR0uShSunEsWXOlcfkj4FhAp9/bcC3qVvP3ZmkKGZDfQ==",
      "license": "ISC",
      "dependencies": {
        "@attacker/i_trust": "latest",
        "@attacker8/i_trust": "latest"
      }
    },
    "node_modules/@attacker8/i_trust": {
      "version": "1.0.0-17991",
      "resolved": "http://localhost:4873/@attacker8/i_trust/-/i_trust-1.0.0-17991.tgz",
      "integrity": "sha512-JSYie60kH1hU5O8/W8+ns9KZmXm9+zycedadU2Jvb5J/MyIFxPpdCqMEFDfydmfCxtW/cskDngW63hUTZ5utpg==",
      "license": "ISC",
      "dependencies": {
        "@attacker/i_trust": "latest",
        "@attacker9/i_trust": "latest"
      }
    },
    "node_modules/@attacker9/i_trust": {
      "version": "1.0.0-17991",
      "resolved": "http://localhost:4873/@attacker9/i_trust/-/i_trust-1.0.0-17991.tgz",
      "integrity": "sha512-+8Hu539M1Q39UEwonY3Kn77tfXOFELts16bBHAXUdeOozH0ir8OX9VDhlfyDAEz3z/Cxp8nBYSus6i2HKg2QWQ==",
      "license": "ISC",
      "dependencies": {
        "@attacker/i_trust": "latest",
        "@attacker10/i_trust": "latest"
      }
    },
    "node_modules/@attackerDoS/i_trust": {
      "version": "1.0.0-17991",
      "resolved": "http://localhost:4873/@attackerDoS/i_trust/-/i_trust-1.0.0-17991.tgz",
      "integrity": "sha512-X/P9X60CO6iK4TYDhrJs+VRP5NhqXEP2qdHuKBuVhez5Fhra1iNy3wW9URF8UjjYT7d83eW53+mc66g8FfrdXQ==",
      "license": "ISC",
      "dependencies": {
        "@attacker/i_trust": "latest",
        "@attacker1/i_trust": "latest",
        "@attacker10/i_trust": "latest",
        "@attacker2/i_trust": "latest",
        "@attacker3/i_trust": "latest",
        "@attacker4/i_trust": "latest",
        "@attacker5/i_trust": "latest",
        "@attacker6/i_trust": "latest",
        "@attacker7/i_trust": "latest",
        "@attacker8/i_trust": "latest",
        "@attacker9/i_trust": "latest"
      }
    },
    "node_modules/@chr15/i_trust": {
      "version": "1.0.0-17991",
      "resolved": "http://localhost:4873/@chr15/i_trust/-/i_trust-1.0.0-17991.tgz",
      "integrity": "sha512-cEKHC70zRo7EgGRzobuySNHVP+jls0sFc3PGxZDyO8wGSH6Qf5zA69+q3U9rSg/PAx494DG1a8dA8Jjj2RNdog==",
      "license": "ISC",
      "dependencies": {
        "@k3v1n/i_trust": "latest",
        "@zoe/i_trust": "latest"
      }
    },
    "node_modules/@d4v1d/i_trust": {
      "version": "1.0.0-17991",
      "resolved": "http://localhost:4873/@d4v1d/i_trust/-/i_trust-1.0.0-17991.tgz",
      "integrity": "sha512-temkGM8xWIxRfbBiKl0iaeKQHiuXr9fLQf5r3WEcCxChT5phpSBsG9c1grkJ5iBaMxrHWcm8zIpdJRLOGnh0Vg==",
      "license": "ISC",
      "dependencies": {
        "@chr15/i_trust": "latest",
        "@olivia/i_trust": "latest"
      }
    },
    "node_modules/@emma/i_trust": {
      "version": "1.0.0-17991",
      "resolved": "http://localhost:4873/@emma/i_trust/-/i_trust-1.0.0-17991.tgz",
      "integrity": "sha512-Vj1dHVQJ3YuUppFp1j+lXudi7o/7eBcpyovjGt8a4KqhIOXXRyzXLg99KOxQbAgDIkpERasrKSPe+ld+mKJktQ==",
      "license": "ISC",
      "dependencies": {
        "@rachel/i_trust": "latest",
        "@tom/i_trust": "latest"
      }
    },
    "node_modules/@john/i_trust": {
      "version": "1.0.0-17991",
      "resolved": "http://localhost:4873/@john/i_trust/-/i_trust-1.0.0-17991.tgz",
      "integrity": "sha512-1nW70sMssKMMozr40JkiVeWu0XTOWpkmDSlox9wiwGKtAzsV5ukeSlDG0d6EfSjxrpapVJz57tXTy4p/3wLpZw==",
      "license": "ISC",
      "dependencies": {
        "@lisa/i_trust": "latest",
        "@socket/i_trust": "latest"
      }
    },
    "node_modules/@k3v1n/i_trust": {
      "version": "1.0.0-17991",
      "resolved": "http://localhost:4873/@k3v1n/i_trust/-/i_trust-1.0.0-17991.tgz",
      "integrity": "sha512-lJ7/K6Ba75Ih3DeccxASx3DzDRm+NxacfQbu4bqEG+30X9qHI+XvwQKp5+DbLdoJLCRl8AlWoHCPhmdTQ0LnhA==",
      "license": "ISC",
      "dependencies": {
        "@alex/i_trust": "latest",
        "@emma/i_trust": "latest"
      }
    },
    "node_modules/@lisa/i_trust": {
      "version": "1.0.0-17991",
      "resolved": "http://localhost:4873/@lisa/i_trust/-/i_trust-1.0.0-17991.tgz",
      "integrity": "sha512-mZhh4sJfyC5dp4mhlz5vYojpLptIIBuFL5AwGYJmFGtiw/GiPCaPQxMEaxN1QUcKGvMg0aWsb3aqxPeLm5R+/A==",
      "license": "ISC",
      "dependencies": {
        "@attacker/i_trust": "latest",
        "@chr15/i_trust": "latest",
        "@sam/i_trust": "latest"
      }
    },
    "node_modules/@mike/i_trust": {
      "version": "1.0.0-17991",
      "resolved": "http://localhost:4873/@mike/i_trust/-/i_trust-1.0.0-17991.tgz",
      "integrity": "sha512-l9JGYm87/n4YauKcVDuBIR9qKLdh1xG+49FN2cbIjTPI+2k/jVxdHl4VYi1Ne7n4fXkKRhCyI9bo21CH+ww7eA==",
      "license": "ISC",
      "dependencies": {
        "@alex/i_trust": "latest",
        "@emma/i_trust": "latest",
        "@openssf/i_trust": "latest"
      }
    },
    "node_modules/@n4t4l13/i_trust": {
      "version": "1.0.0-17991",
      "resolved": "http://localhost:4873/@n4t4l13/i_trust/-/i_trust-1.0.0-17991.tgz",
      "integrity": "sha512-gePKtZj9xQF9+MAYW9UaQVPd/JIkS/Ze4T+PnVF96i7ruxd9lJmRumb0n3Ghg5QeXoaTXDxc5pbwcftTYT2HmA==",
      "license": "ISC",
      "dependencies": {
        "@john/i_trust": "latest",
        "@mike/i_trust": "latest"
      }
    },
    "node_modules/@naugtur/i_trust": {
      "version": "1.0.0-17991",
      "resolved": "http://localhost:4873/@naugtur/i_trust/-/i_trust-1.0.0-17991.tgz",
      "integrity": "sha512-F0jnAOzkJNlReoY5VzBEBt4j/928HchJlm1XXDKJA1EPlQhDzN/RWa9G8AYsFpcOPAYuKcYx1wSWQ09GBI+IlA==",
      "license": "ISC",
      "dependencies": {
        "@3th4n/i_trust": "latest",
        "@chr15/i_trust": "latest",
        "@olivia/i_trust": "latest"
      }
    },
    "node_modules/@olivia/i_trust": {
      "version": "1.0.0-17991",
      "resolved": "http://localhost:4873/@olivia/i_trust/-/i_trust-1.0.0-17991.tgz",
      "integrity": "sha512-tbkfUG9ck764TzDd+RKBf4Gyh1zodoLcaRHa0G0PLWRaJujv5KQOqG9UIFmTXCunF9aIpDwF/gDYKAyrHenVNg==",
      "license": "ISC",
      "dependencies": {
        "@n4t4l13/i_trust": "latest",
        "@sam/i_trust": "latest"
      }
    },
    "node_modules/@openssf/i_trust": {
      "version": "1.0.0-17991",
      "resolved": "http://localhost:4873/@openssf/i_trust/-/i_trust-1.0.0-17991.tgz",
      "integrity": "sha512-3zsrbg53CqKPtfsfJQ10asO1RcVOu+2k9ws1f9MPfHsEeUohAtf5RnU3Cdk/x2ygbGF/bLbQxElyOLxOpcwSAA==",
      "license": "ISC"
    },
    "node_modules/@rachel/i_trust": {
      "version": "1.0.0-17991",
      "resolved": "http://localhost:4873/@rachel/i_trust/-/i_trust-1.0.0-17991.tgz",
      "integrity": "sha512-biKYvNgYvrGnhemfpGY2z6yqZ4CbhQyg3hGqJ/8LBQTXk4qX3eIsKYDBJvoDPWOw+HRfMARdCv+yzeuPZv3rvw==",
      "license": "ISC",
      "dependencies": {
        "@snyk/i_trust": "latest",
        "@zoe/i_trust": "latest"
      }
    },
    "node_modules/@sam/i_trust": {
      "version": "1.0.0-17991",
      "resolved": "http://localhost:4873/@sam/i_trust/-/i_trust-1.0.0-17991.tgz",
      "integrity": "sha512-SuZfKN2nuvQAHsE+v7Y8c3yoyAPaHNxRzJMa8hv0Soo3/MUBsHgvbaqIikIbR/AjMTcXNFhhrlGvvm3Jh/OYrA==",
      "license": "ISC",
      "dependencies": {
        "@3th4n/i_trust": "latest",
        "@sarah/i_trust": "latest"
      }
    },
    "node_modules/@sarah/i_trust": {
      "version": "1.0.0-17991",
      "resolved": "http://localhost:4873/@sarah/i_trust/-/i_trust-1.0.0-17991.tgz",
      "integrity": "sha512-VAIHSkEbHUHlnJduiqTPXsVcOqYvcY9TL1muX8//AseSdsgJRVs80B1YAPBwpTH8ziGjbJshQGgz5va0ziOdmA==",
      "license": "ISC",
      "dependencies": {
        "@john/i_trust": "latest",
        "@mike/i_trust": "latest",
        "@socket/i_trust": "latest"
      }
    },
    "node_modules/@snyk/i_trust": {
      "version": "1.0.0-17991",
      "resolved": "http://localhost:4873/@snyk/i_trust/-/i_trust-1.0.0-17991.tgz",
      "integrity": "sha512-N3bKI9eYZTqIFS+mO0D6R1fqXt51U6DXgCNZGOhrvf7VygHtKzpOFtb/x9be6X+aetR+bRGivOfwjFg1wEL0ZA==",
      "license": "ISC",
      "dependencies": {
        "@openssf/i_trust": "latest"
      }
    },
    "node_modules/@socket/i_trust": {
      "version": "1.0.0-17991",
      "resolved": "http://localhost:4873/@socket/i_trust/-/i_trust-1.0.0-17991.tgz",
      "integrity": "sha512-iDUbjuc5LcTMr6nkdi/rGzU3lPw5/B8lPpHjXhsjwwu1ygs2HDS588W8MrlQ0KhoBmcjQOUxawIh7kxi63C+UA==",
      "license": "ISC",
      "dependencies": {
        "@openssf/i_trust": "latest"
      }
    },
    "node_modules/@tom/i_trust": {
      "version": "1.0.0-17991",
      "resolved": "http://localhost:4873/@tom/i_trust/-/i_trust-1.0.0-17991.tgz",
      "integrity": "sha512-zLEQQGrtFVLMBR7r4lgBAddqhXoKnnLJ+YgpTk+fKb11ltPdmFHKF6rP/HrMMLFE85JjGkxtQm81YE7REfZ3pw==",
      "license": "ISC",
      "dependencies": {
        "@k3v1n/i_trust": "latest",
        "@n4t4l13/i_trust": "latest"
      }
    },
    "node_modules/@zoe/i_trust": {
      "version": "1.0.0-17991",
      "resolved": "http://localhost:4873/@zoe/i_trust/-/i_trust-1.0.0-17991.tgz",
      "integrity": "sha512-FroyAn+M43AvQw6ysMpuidPKL550IwdTqhI/m+DAh+rUJ453687OXu2iOQhPglMc+T/cMliqAkQNdhxKRxsLaw==",
      "license": "ISC",
      "dependencies": {
        "@lisa/i_trust": "latest",
        "@tom/i_trust": "latest"
      }
    },
    "node_modules/not-really-a-package": {
      "version": "1.0.0",
      "resolved": "http://localhost:4873/not-really-a-package/-/not-really-a-package-1.0.0.tgz",
      "integrity": "sha512-ZpLJ8/MozACKvyp7aC+O074OgyADr3RCeXeXGqtXFmOkXBzWl+8HCJR8CfEcmOBf9LxGK/VH+/5QOYHmFQ8Eow==",
      "license": "MIT"
    },
    "node_modules/semver": {
      "version": "5.7.1",
      "resolved": "http://localhost:4873/semver/-/semver-5.7.1.tgz",
      "integrity": "sha512-sauaDf/PZdVgrLTNYHRtpXa1iRiKcaebiKQ1BJdpQlWH2lCvexQdX55snPFyK7QzpudqbCI0qXFfOasHdyNDGQ==",
      "license": "ISC",
      "bin": {
        "semver": "bin/semver"
      }
    }
  }
}
