{
  "name": "testenv",
  "version": "1.0.0",
  "lockfileVersion": 3,
  "requires": true,
  "packages": {
    "": {
      "name": "testenv",
      "version": "1.0.0",
      "license": "ISC",
      "dependencies": {
        "@naugtur/i_trust": "latest",
        "not-really-a-package": "^1.0.0",
        "semver": "5.7.1"
      }
    },
    "node_modules/@3th4n/i_trust": {
      "version": "1.0.0-10079",
      "resolved": "http://localhost:4873/@3th4n/i_trust/-/i_trust-1.0.0-10079.tgz",
      "integrity": "sha512-ITIM/h7sGq65hBCzvj7pK/ASFv3Dn+g2vcRDp295I+JafNAtVM6+xSLMzd2BY+4Bgw2QNssr+4NJAQzJBzE1qg==",
      "license": "ISC",
      "dependencies": {
        "@d4v1d/i_trust": "latest",
        "@sarah/i_trust": "latest"
      }
    },
    "node_modules/@alex/i_trust": {
      "version": "1.0.0-10079",
      "resolved": "http://localhost:4873/@alex/i_trust/-/i_trust-1.0.0-10079.tgz",
      "integrity": "sha512-7YYzB40P0vo3oYYWF1KgOhx2qEeRzZvgcrhR6WyruvwUUvd1oWJXuJ3xX78uuI7Hz8hYlSoD//19Wn1UyJyGmg==",
      "license": "ISC",
      "dependencies": {
        "@d4v1d/i_trust": "latest",
        "@olivia/i_trust": "latest",
        "@snyk/i_trust": "latest"
      }
    },
    "node_modules/@attacker/i_trust": {
      "version": "1.0.0-10079",
      "resolved": "http://localhost:4873/@attacker/i_trust/-/i_trust-1.0.0-10079.tgz",
      "integrity": "sha512-n38EVc5Z/tK0V2jOr7HNCVQny9zCSmtezGKOXGltyWYPA0JNoh2rIPFaDkg1wzxHOBO22J98UQ3rnM+5y06d0w==",
      "license": "ISC",
      "dependencies": {
        "@attacker/i_trust": "latest",
        "@attacker1/i_trust": "latest",
        "@attackerDoS/i_trust": "latest"
      }
    },
    "node_modules/@attacker1/i_trust": {
      "version": "1.0.0-10079",
      "resolved": "http://localhost:4873/@attacker1/i_trust/-/i_trust-1.0.0-10079.tgz",
      "integrity": "sha512-jfUUBIWIh5jID8CdDTDqTsfehGmhze1AReSrHFoVv3mNjGT3dArpkoX8vIe9ejnXhC6shVVpw3xYnMBGPdmKzg==",
      "license": "ISC",
      "dependencies": {
        "@attacker/i_trust": "latest",
        "@attacker2/i_trust": "latest"
      }
    },
    "node_modules/@attacker10/i_trust": {
      "version": "1.0.0-10079",
      "resolved": "http://localhost:4873/@attacker10/i_trust/-/i_trust-1.0.0-10079.tgz",
      "integrity": "sha512-qdN+5/wAzCjr5TYWegYdOdbvbAvMfMNxRC8wgiHJHn8xY97Sbo+1jW1dwU4UfsJTkQNs1lEJpwnlFnTSnCY1FA==",
      "license": "ISC",
      "dependencies": {
        "@attacker/i_trust": "latest"
      }
    },
    "node_modules/@attacker2/i_trust": {
      "version": "1.0.0-10079",
      "resolved": "http://localhost:4873/@attacker2/i_trust/-/i_trust-1.0.0-10079.tgz",
      "integrity": "sha512-yn3IFv4g29E/hxpvAqWor3FeEgjwCIqeBUGddK5FaG32FGIgvtPCRIma/jSajfc+ef+ZLhbyTXRCNrav/HTbDg==",
      "license": "ISC",
      "dependencies": {
        "@attacker/i_trust": "latest",
        "@attacker3/i_trust": "latest"
      }
    },
    "node_modules/@attacker3/i_trust": {
      "version": "1.0.0-10079",
      "resolved": "http://localhost:4873/@attacker3/i_trust/-/i_trust-1.0.0-10079.tgz",
      "integrity": "sha512-PMKfYywEuCBU8tavSG2j0FVcngCD2HlLdutblPyJVNvP9zdHtrqMZJbUAPSKeeBxlx+7Mo72laDFTLzM2jg2SA==",
      "license": "ISC",
      "dependencies": {
        "@attacker/i_trust": "latest",
        "@attacker4/i_trust": "latest"
      }
    },
    "node_modules/@attacker4/i_trust": {
      "version": "1.0.0-10079",
      "resolved": "http://localhost:4873/@attacker4/i_trust/-/i_trust-1.0.0-10079.tgz",
      "integrity": "sha512-gXJuh8Fz/PDkDpOGAodFMiD/qF0Z64Eq4KYFrj6SZ4AXQj4EJGxtKdV50gvJRTEl2bW8MhUSQZfaex/TxIQ5Xg==",
      "license": "ISC",
      "dependencies": {
        "@attacker/i_trust": "latest",
        "@attacker5/i_trust": "latest"
      }
    },
    "node_modules/@attacker5/i_trust": {
      "version": "1.0.0-10079",
      "resolved": "http://localhost:4873/@attacker5/i_trust/-/i_trust-1.0.0-10079.tgz",
      "integrity": "sha512-kJdzDLffqLX8HT6WoPTbe9/3h+0P+3XyUIozdBWFUpESrlQUwNEmKOgqucWbAiRBVKSHLc0ZNCT71IN/7UIl/A==",
      "license": "ISC",
      "dependencies": {
        "@attacker/i_trust": "latest",
        "@attacker6/i_trust": "latest"
      }
    },
    "node_modules/@attacker6/i_trust": {
      "version": "1.0.0-10079",
      "resolved": "http://localhost:4873/@attacker6/i_trust/-/i_trust-1.0.0-10079.tgz",
      "integrity": "sha512-Cj62rzeRkBuT6bdJylN6qeSIH2czuazVJk3KSp+O3S6g2Oh/nrY2jjCDvq9a2iOEO9jqycrojIzkx3k/8L+uhw==",
      "license": "ISC",
      "dependencies": {
        "@attacker/i_trust": "latest",
        "@attacker7/i_trust": "latest"
      }
    },
    "node_modules/@attacker7/i_trust": {
      "version": "1.0.0-10079",
      "resolved": "http://localhost:4873/@attacker7/i_trust/-/i_trust-1.0.0-10079.tgz",
      "integrity": "sha512-2UT8xBWtdcDSKzJ9xbAMML/OrfTdQIKD49dz61mDV470lQ2g95NG010fiGYRgIieHaD47pzoKepsq0fkXo9Wrw==",
      "license": "ISC",
      "dependencies": {
        "@attacker/i_trust": "latest",
        "@attacker8/i_trust": "latest"
      }
    },
    "node_modules/@attacker8/i_trust": {
      "version": "1.0.0-10079",
      "resolved": "http://localhost:4873/@attacker8/i_trust/-/i_trust-1.0.0-10079.tgz",
      "integrity": "sha512-RK28KhRcuLpQs/hKvKZG3fuuTXFjKLuPXSfHRzVPiZBrh9kEz3DvRsNJ5fqe14Dz3por6T+yoy3j3rPoX6b9tg==",
      "license": "ISC",
      "dependencies": {
        "@attacker/i_trust": "latest",
        "@attacker9/i_trust": "latest"
      }
    },
    "node_modules/@attacker9/i_trust": {
      "version": "1.0.0-10079",
      "resolved": "http://localhost:4873/@attacker9/i_trust/-/i_trust-1.0.0-10079.tgz",
      "integrity": "sha512-9UMz0qcnRG8+Yg5J7DhGFXQ/NgEAOR8cLwWu4DMNDRYyja+iXbFYjtkfZ+bozokw4Hsqvd0/CHztotKn7RZVgQ==",
      "license": "ISC",
      "dependencies": {
        "@attacker/i_trust": "latest",
        "@attacker10/i_trust": "latest"
      }
    },
    "node_modules/@attackerDoS/i_trust": {
      "version": "1.0.0-10079",
      "resolved": "http://localhost:4873/@attackerDoS/i_trust/-/i_trust-1.0.0-10079.tgz",
      "integrity": "sha512-c2tZGx3Xra9uRidpRUhHfMHcQSQFrFQ96SZSNWFRhvNCInoM9rVLclBHyYcTzUeAJlgjq08bQ+TtXqmJl+jaNQ==",
      "license": "ISC",
      "dependencies": {
        "@attacker/i_trust": "latest",
        "@attacker1/i_trust": "latest",
        "@attacker10/i_trust": "latest",
        "@attacker2/i_trust": "latest",
        "@attacker3/i_trust": "latest",
        "@attacker4/i_trust": "latest",
        "@attacker5/i_trust": "latest",
        "@attacker6/i_trust": "latest",
        "@attacker7/i_trust": "latest",
        "@attacker8/i_trust": "latest",
        "@attacker9/i_trust": "latest"
      }
    },
    "node_modules/@chr15/i_trust": {
      "version": "1.0.0-10079",
      "resolved": "http://localhost:4873/@chr15/i_trust/-/i_trust-1.0.0-10079.tgz",
      "integrity": "sha512-+gZVJSIeOrjpkRp3MSWHa8O8tRDOcIOubeCAajmD5HzSN3WR7nGw/dEoVB/WnjP/ZewcQ3jFgakdKt/SJqP7RQ==",
      "license": "ISC",
      "dependencies": {
        "@k3v1n/i_trust": "latest",
        "@zoe/i_trust": "latest"
      }
    },
    "node_modules/@d4v1d/i_trust": {
      "version": "1.0.0-10079",
      "resolved": "http://localhost:4873/@d4v1d/i_trust/-/i_trust-1.0.0-10079.tgz",
      "integrity": "sha512-lkQyJkurhOJGWuOiMPg8of5pbLM9wxfcRDXGHbBXyexzdgM+wkXHFDKUegWMB47uHVQNF2k4ItYvxPovhCupVQ==",
      "license": "ISC",
      "dependencies": {
        "@chr15/i_trust": "latest",
        "@olivia/i_trust": "latest"
      }
    },
    "node_modules/@emma/i_trust": {
      "version": "1.0.0-10079",
      "resolved": "http://localhost:4873/@emma/i_trust/-/i_trust-1.0.0-10079.tgz",
      "integrity": "sha512-eKRc4Cerxfp47Id/Z8WRhLyYaGov2XCaZ1XzzsJDgt1qqJTEdHkIF/rWcR6DqK2MIaFj12Wqh79ARwtUjfo/Gg==",
      "license": "ISC",
      "dependencies": {
        "@rachel/i_trust": "latest",
        "@tom/i_trust": "latest"
      }
    },
    "node_modules/@john/i_trust": {
      "version": "1.0.0-10079",
      "resolved": "http://localhost:4873/@john/i_trust/-/i_trust-1.0.0-10079.tgz",
      "integrity": "sha512-qLaxHlDQSojMTB8UMh41Pm+GeMd2vUor/WrxYA+RuhJYwar36rBK7h8SQFvao5JLGg7uq/ScJSLpph7rbzGWYA==",
      "license": "ISC",
      "dependencies": {
        "@lisa/i_trust": "latest",
        "@socket/i_trust": "latest"
      }
    },
    "node_modules/@k3v1n/i_trust": {
      "version": "1.0.0-10079",
      "resolved": "http://localhost:4873/@k3v1n/i_trust/-/i_trust-1.0.0-10079.tgz",
      "integrity": "sha512-883abuBRUli7NEA18RFS16DIhUyCZRcLfOp7KPVogRhqUFtDaiSv793x2ONEE5D01MxPaa4DufFZgEs7Z//2Ow==",
      "license": "ISC",
      "dependencies": {
        "@alex/i_trust": "latest",
        "@emma/i_trust": "latest"
      }
    },
    "node_modules/@lisa/i_trust": {
      "version": "1.0.0-10079",
      "resolved": "http://localhost:4873/@lisa/i_trust/-/i_trust-1.0.0-10079.tgz",
      "integrity": "sha512-najRAY7GOxgYwhXMYq3JGtlOt5s36XCqSTJGnZx1JZv3/JfwAHUHEZba68kjbw4rd0mpbwIz9vJqXblMj+1ovA==",
      "license": "ISC",
      "dependencies": {
        "@attacker/i_trust": "latest",
        "@chr15/i_trust": "latest",
        "@sam/i_trust": "latest"
      }
    },
    "node_modules/@mike/i_trust": {
      "version": "1.0.0-10079",
      "resolved": "http://localhost:4873/@mike/i_trust/-/i_trust-1.0.0-10079.tgz",
      "integrity": "sha512-MGWLt2H7admdAEGzXJNp0Xig6JBHg8zeYjuW2cfKWFWKzjY49ZJGSVeh3EyrKxXOwqZ5YBh7CdFkDHuMb5pUAA==",
      "license": "ISC",
      "dependencies": {
        "@alex/i_trust": "latest",
        "@emma/i_trust": "latest",
        "@openssf/i_trust": "latest"
      }
    },
    "node_modules/@n4t4l13/i_trust": {
      "version": "1.0.0-10079",
      "resolved": "http://localhost:4873/@n4t4l13/i_trust/-/i_trust-1.0.0-10079.tgz",
      "integrity": "sha512-J8Kg4jRmfQtt6pM+8RCtyiKQvHTjRUeSarqfgOaCcQYUOs6Fo4RGRmGGQdMC5r0x8D5csPETCYxRucsHXX2YmQ==",
      "license": "ISC",
      "dependencies": {
        "@john/i_trust": "latest",
        "@mike/i_trust": "latest"
      }
    },
    "node_modules/@naugtur/i_trust": {
      "version": "1.0.0-10079",
      "resolved": "http://localhost:4873/@naugtur/i_trust/-/i_trust-1.0.0-10079.tgz",
      "integrity": "sha512-uv0B13Ut05rY2Q2zMX9rwUVbw+q1gAKqnOjAn8PHFz32K/q8BfwrL7AivebYD3pELZvq+y0wkESaryQVAOEifQ==",
      "license": "ISC",
      "dependencies": {
        "@3th4n/i_trust": "latest",
        "@chr15/i_trust": "latest",
        "@olivia/i_trust": "latest"
      }
    },
    "node_modules/@olivia/i_trust": {
      "version": "1.0.0-10079",
      "resolved": "http://localhost:4873/@olivia/i_trust/-/i_trust-1.0.0-10079.tgz",
      "integrity": "sha512-C7cJw16g1YNMn10DbaIm+jgvMMKxattPEAhDjvFOmybH/A5eqBMDJ0fuejAaEOT3DtFsqMPfc2gSEKl9yQKw7A==",
      "license": "ISC",
      "dependencies": {
        "@n4t4l13/i_trust": "latest",
        "@sam/i_trust": "latest"
      }
    },
    "node_modules/@openssf/i_trust": {
      "version": "1.0.0-10079",
      "resolved": "http://localhost:4873/@openssf/i_trust/-/i_trust-1.0.0-10079.tgz",
      "integrity": "sha512-RPRCfZkXknNkVn6U54mg/kneVB/mISilpEdOgAeOHYMZHftOGrwUjQ0nP2begW4ulWuYRe1OeHhwR6X6xnwH3A==",
      "license": "ISC"
    },
    "node_modules/@rachel/i_trust": {
      "version": "1.0.0-10079",
      "resolved": "http://localhost:4873/@rachel/i_trust/-/i_trust-1.0.0-10079.tgz",
      "integrity": "sha512-P2vh+/+HMm9oxjyyngKBMpn3XM3NKN0az1IxyEftWYa708Qu50MUAl3+Kw0ZUJ+NmcyGBs/4XGvMoqoXIQM3wA==",
      "license": "ISC",
      "dependencies": {
        "@snyk/i_trust": "latest",
        "@zoe/i_trust": "latest"
      }
    },
    "node_modules/@sam/i_trust": {
      "version": "1.0.0-10079",
      "resolved": "http://localhost:4873/@sam/i_trust/-/i_trust-1.0.0-10079.tgz",
      "integrity": "sha512-vo69JwCqrVxmzsj1oX4zuS7aFxrHySjCHSCQWXqCiwzkvL98wbU+xuciDvRMRos5FRjQ+EqHT79rzK2JQOyhow==",
      "license": "ISC",
      "dependencies": {
        "@3th4n/i_trust": "latest",
        "@sarah/i_trust": "latest"
      }
    },
    "node_modules/@sarah/i_trust": {
      "version": "1.0.0-10079",
      "resolved": "http://localhost:4873/@sarah/i_trust/-/i_trust-1.0.0-10079.tgz",
      "integrity": "sha512-syHekbeKInqcTW1uC2oKPtVpRvJv7klqNOZDsdBuTHlDY2gXiZGNLseOOu69fnpeCLR1AXSqu035tK+P0vK8nA==",
      "license": "ISC",
      "dependencies": {
        "@john/i_trust": "latest",
        "@mike/i_trust": "latest",
        "@socket/i_trust": "latest"
      }
    },
    "node_modules/@snyk/i_trust": {
      "version": "1.0.0-10079",
      "resolved": "http://localhost:4873/@snyk/i_trust/-/i_trust-1.0.0-10079.tgz",
      "integrity": "sha512-27fsHv0VEqUehSt7cvSZ+mue/BtbdctSTyrCPg/XJt1gf7uCq/Yxde961L+Ow8Erud5xcAcqjGRlNpbOBQWHkQ==",
      "license": "ISC",
      "dependencies": {
        "@openssf/i_trust": "latest"
      }
    },
    "node_modules/@socket/i_trust": {
      "version": "1.0.0-10079",
      "resolved": "http://localhost:4873/@socket/i_trust/-/i_trust-1.0.0-10079.tgz",
      "integrity": "sha512-u8udwv6ktX1ibVIy8YK9GQK0P3PuCrKo9cl5/gPx3x5kWH/ZORfAx+9/2vHDqMR+ykmYjVyriedruC0K4bvI6w==",
      "license": "ISC",
      "dependencies": {
        "@openssf/i_trust": "latest"
      }
    },
    "node_modules/@tom/i_trust": {
      "version": "1.0.0-10079",
      "resolved": "http://localhost:4873/@tom/i_trust/-/i_trust-1.0.0-10079.tgz",
      "integrity": "sha512-cTNUVra27mHl9vwjKm/JVAc2GuJJPgODSfV0r7pGHiJbdgXGI/xFPsLmUhmzDC+rInZD8jy4Vn+PDzzdPzT/AA==",
      "license": "ISC",
      "dependencies": {
        "@k3v1n/i_trust": "latest",
        "@n4t4l13/i_trust": "latest"
      }
    },
    "node_modules/@zoe/i_trust": {
      "version": "1.0.0-10079",
      "resolved": "http://localhost:4873/@zoe/i_trust/-/i_trust-1.0.0-10079.tgz",
      "integrity": "sha512-XjbPrU0pL1DIydcjk0MfYv7T+05MyGefWRyRBb2oER8pa3NzokKbcV96mmbQCefqyWiG9RY2fTLF9ZOP5aLkdA==",
      "license": "ISC",
      "dependencies": {
        "@lisa/i_trust": "latest",
        "@tom/i_trust": "latest"
      }
    },
    "node_modules/not-really-a-package": {
      "version": "1.0.0",
      "resolved": "http://localhost:4873/not-really-a-package/-/not-really-a-package-1.0.0.tgz",
      "integrity": "sha512-ZpLJ8/MozACKvyp7aC+O074OgyADr3RCeXeXGqtXFmOkXBzWl+8HCJR8CfEcmOBf9LxGK/VH+/5QOYHmFQ8Eow==",
      "license": "MIT"
    },
    "node_modules/semver": {
      "version": "5.7.1",
      "resolved": "http://localhost:4873/semver/-/semver-5.7.1.tgz",
      "integrity": "sha512-sauaDf/PZdVgrLTNYHRtpXa1iRiKcaebiKQ1BJdpQlWH2lCvexQdX55snPFyK7QzpudqbCI0qXFfOasHdyNDGQ==",
      "license": "ISC",
      "bin": {
        "semver": "bin/semver"
      }
    }
  }
}
